// !$*UTF8*$!
{
	archiveVersion = 1;
	classes = {
	};
	objectVersion = 46;
	objects = {

/* Begin PBXBuildFile section */
		80252D191D0B821F00CCBA57 /* AppDelegate.swift in Sources */ = {isa = PBXBuildFile; fileRef = 80252D181D0B821F00CCBA57 /* AppDelegate.swift */; };
		80252D1B1D0B821F00CCBA57 /* ViewController.swift in Sources */ = {isa = PBXBuildFile; fileRef = 80252D1A1D0B821F00CCBA57 /* ViewController.swift */; };
		80252D1E1D0B821F00CCBA57 /* Main.storyboard in Resources */ = {isa = PBXBuildFile; fileRef = 80252D1C1D0B821F00CCBA57 /* Main.storyboard */; };
		80252D201D0B821F00CCBA57 /* Assets.xcassets in Resources */ = {isa = PBXBuildFile; fileRef = 80252D1F1D0B821F00CCBA57 /* Assets.xcassets */; };
		80252D231D0B821F00CCBA57 /* LaunchScreen.storyboard in Resources */ = {isa = PBXBuildFile; fileRef = 80252D211D0B821F00CCBA57 /* LaunchScreen.storyboard */; };
/* End PBXBuildFile section */

/* Begin PBXFileReference section */
		80252D151D0B821F00CCBA57 /* savedData.app */ = {isa = PBXFileReference; explicitFileType = wrapper.application; includeInIndex = 0; path = savedData.app; sourceTree = BUILT_PRODUCTS_DIR; };
		80252D181D0B821F00CCBA57 /* AppDelegate.swift */ = {isa = PBXFileReference; lastKnownFileType = sourcecode.swift; path = AppDelegate.swift; sourceTree = "<group>"; };
		80252D1A1D0B821F00CCBA57 /* ViewController.swift */ = {isa = PBXFileReference; lastKnownFileType = sourcecode.swift; path = ViewController.swift; sourceTree = "<group>"; };
		80252D1D1D0B821F00CCBA57 /* Base */ = {isa = PBXFileReference; lastKnownFileType = file.storyboard; name = Base; path = Base.lproj/Main.storyboard; sourceTree = "<group>"; };
		80252D1F1D0B821F00CCBA57 /* Assets.xcassets */ = {isa = PBXFileReference; lastKnownFileType = folder.assetcatalog; path = Assets.xcassets; sourceTree = "<group>"; };
		80252D221D0B821F00CCBA57 /* Base */ = {isa = PBXFileReference; lastKnownFileType = file.storyboard; name = Base; path = Base.lproj/LaunchScreen.storyboard; sourceTree = "<group>"; };
		80252D241D0B821F00CCBA57 /* Info.plist */ = {isa = PBXFileReference; lastKnownFileType = text.plist.xml; path = Info.plist; sourceTree = "<group>"; };
/* End PBXFileReference section */

/* Begin PBXFrameworksBuildPhase section */
		80252D121D0B821F00CCBA57 /* Frameworks */ = {
			isa = PBXFrameworksBuildPhase;
			buildActionMask = 2147483647;
			files = (
			);
			runOnlyForDeploymentPostprocessing = 0;
		};
/* End PBXFrameworksBuildPhase section */

/* Begin PBXGroup section */
		80252D0C1D0B821F00CCBA57 = {
			isa = PBXGroup;
			children = (
				80252D171D0B821F00CCBA57 /* savedData */,
				80252D161D0B821F00CCBA57 /* Products */,
			);
			sourceTree = "<group>";
		};
		80252D161D0B821F00CCBA57 /* Products */ = {
			isa = PBXGroup;
			children = (
				80252D151D0B821F00CCBA57 /* savedData.app */,
			);
			name = Products;
			sourceTree = "<group>";
		};
		80252D171D0B821F00CCBA57 /* savedData */ = {
			isa = PBXGroup;
			children = (
				80252D181D0B821F00CCBA57 /* AppDelegate.swift */,
				80252D1A1D0B821F00CCBA57 /* ViewController.swift */,
				80252D1C1D0B821F00CCBA57 /* Main.storyboard */,
				80252D1F1D0B821F00CCBA57 /* Assets.xcassets */,
				80252D211D0B821F00CCBA57 /* LaunchScreen.storyboard */,
				80252D241D0B821F00CCBA57 /* Info.plist */,
			);
			path = savedData;
			sourceTree = "<group>";
		};
/* End PBXGroup section */

/* Begin PBXNativeTarget section */
		80252D141D0B821F00CCBA57 /* savedData */ = {
			isa = PBXNativeTarget;
			buildConfigurationList = 80252D271D0B821F00CCBA57 /* Build configuration list for PBXNativeTarget "savedData" */;
			buildPhases = (
				80252D111D0B821F00CCBA57 /* Sources */,
				80252D121D0B821F00CCBA57 /* Frameworks */,
				80252D131D0B821F00CCBA57 /* Resources */,
			);
			buildRules = (
			);
			dependencies = (
			);
			name = savedData;
			productName = savedData;
			productReference = 80252D151D0B821F00CCBA57 /* savedData.app */;
			productType = "com.apple.product-type.application";
		};
/* End PBXNativeTarget section */

/* Begin PBXProject section */
		80252D0D1D0B821F00CCBA57 /* Project object */ = {
			isa = PBXProject;
			attributes = {
				LastSwiftUpdateCheck = 0730;
				LastUpgradeCheck = 0730;
				ORGANIZATIONNAME = "Daniel Stagnaro";
				TargetAttributes = {
					80252D141D0B821F00CCBA57 = {
						CreatedOnToolsVersion = 7.3.1;
						DevelopmentTeam = 8VDD8AKFJ8;
					};
				};
			};
			buildConfigurationList = 80252D101D0B821F00CCBA57 /* Build configuration list for PBXProject "savedData" */;
			compatibilityVersion = "Xcode 3.2";
			developmentRegion = English;
			hasScannedForEncodings = 0;
			knownRegions = (
				en,
				Base,
			);
			mainGroup = 80252D0C1D0B821F00CCBA57;
			productRefGroup = 80252D161D0B821F00CCBA57 /* Products */;
			projectDirPath = "";
			projectRoot = "";
			targets = (
				80252D141D0B821F00CCBA57 /* savedData */,
			);
		};
/* End PBXProject section */

/* Begin PBXResourcesBuildPhase section */
		80252D131D0B821F00CCBA57 /* Resources */ = {
			isa = PBXResourcesBuildPhase;
			buildActionMask = 2147483647;
			files = (
				80252D231D0B821F00CCBA57 /* LaunchScreen.storyboard in Resources */,
				80252D201D0B821F00CCBA57 /* Assets.xcassets in Resources */,
				80252D1E1D0B821F00CCBA57 /* Main.storyboard in Resources */,
			);
			runOnlyForDeploymentPostprocessing = 0;
		};
/* End PBXResourcesBuildPhase section */

/* Begin PBXSourcesBuildPhase section */
		80252D111D0B821F00CCBA57 /* Sources */ = {
			isa = PBXSourcesBuildPhase;
			buildActionMask = 2147483647;
			files = (
				80252D1B1D0B821F00CCBA57 /* ViewController.swift in Sources */,
				80252D191D0B821F00CCBA57 /* AppDelegate.swift in Sources */,
			);
			runOnlyForDeploymentPostprocessing = 0;
		};
/* End PBXSourcesBuildPhase section */

/* Begin PBXVariantGroup section */
		80252D1C1D0B821F00CCBA57 /* Main.storyboard */ = {
			isa = PBXVariantGroup;
			children = (
				80252D1D1D0B821F00CCBA57 /* Base */,
			);
			name = Main.storyboard;
			sourceTree = "<group>";
		};
		80252D211D0B821F00CCBA57 /* LaunchScreen.storyboard */ = {
			isa = PBXVariantGroup;
			children = (
				80252D221D0B821F00CCBA57 /* Base */,
			);
			name = LaunchScreen.storyboard;
			sourceTree = "<group>";
		};
/* End PBXVariantGroup section */

/* Begin XCBuildConfiguration section */
		80252D251D0B821F00CCBA57 /* Debug */ = {
			isa = XCBuildConfiguration;
			buildSettings = {
				ALWAYS_SEARCH_USER_PATHS = NO;
				CLANG_ANALYZER_NONNULL = YES;
				CLANG_CXX_LANGUAGE_STANDARD = "gnu++0x";
				CLANG_CXX_LIBRARY = "libc++";
				CLANG_ENABLE_MODULES = YES;
				CLANG_ENABLE_OBJC_ARC = YES;
				CLANG_WARN_BOOL_CONVERSION = YES;
				CLANG_WARN_CONSTANT_CONVERSION = YES;
				CLANG_WARN_DIRECT_OBJC_ISA_USAGE = YES_ERROR;
				CLANG_WARN_EMPTY_BODY = YES;
				CLANG_WARN_ENUM_CONVERSION = YES;
				CLANG_WARN_INT_CONVERSION = YES;
				CLANG_WARN_OBJC_ROOT_CLASS = YES_ERROR;
				CLANG_WARN_UNREACHABLE_CODE = YES;
				CLANG_WARN__DUPLICATE_METHOD_MATCH = YES;
				"CODE_SIGN_IDENTITY[sdk=iphoneos*]" = "iPhone Developer";
				COPY_PHASE_STRIP = NO;
				DEBUG_INFORMATION_FORMAT = dwarf;
				ENABLE_STRICT_OBJC_MSGSEND = YES;
				ENABLE_TESTABILITY = YES;
				GCC_C_LANGUAGE_STANDARD = gnu99;
				GCC_DYNAMIC_NO_PIC = NO;
				GCC_NO_COMMON_BLOCKS = YES;
				GCC_OPTIMIZATION_LEVEL = 0;
				GCC_PREPROCESSOR_DEFINITIONS = (
					"DEBUG=1",
					"$(inherited)",
				);
				GCC_WARN_64_TO_32_BIT_CONVERSION = YES;
				GCC_WARN_ABOUT_RETURN_TYPE = YES_ERROR;
				GCC_WARN_UNDECLARED_SELECTOR = YES;
				GCC_WARN_UNINITIALIZED_AUTOS = YES_AGGRESSIVE;
				GCC_WARN_UNUSED_FUNCTION = YES;
				GCC_WARN_UNUSED_VARIABLE = YES;
				IPHONEOS_DEPLOYMENT_TARGET = 9.3;
				MTL_ENABLE_DEBUG_INFO = YES;
				ONLY_ACTIVE_ARCH = YES;
				SDKROOT = iphoneos;
				SWIFT_OPTIMIZATION_LEVEL = "-Onone";
			};
			name = Debug;
		};
		80252D261D0B821F00CCBA57 /* Release */ = {
			isa = XCBuildConfiguration;
			buildSettings = {
				ALWAYS_SEARCH_USER_PATHS = NO;
				CLANG_ANALYZER_NONNULL = YES;
				CLANG_CXX_LANGUAGE_STANDARD = "gnu++0x";
				CLANG_CXX_LIBRARY = "libc++";
				CLANG_ENABLE_MODULES = YES;
				CLANG_ENABLE_OBJC_ARC = YES;
				CLANG_WARN_BOOL_CONVERSION = YES;
				CLANG_WARN_CONSTANT_CONVERSION = YES;
				CLANG_WARN_DIRECT_OBJC_ISA_USAGE = YES_ERROR;
				CLANG_WARN_EMPTY_BODY = YES;
				CLANG_WARN_ENUM_CONVERSION = YES;
				CLANG_WARN_INT_CONVERSION = YES;
				CLANG_WARN_OBJC_ROOT_CLASS = YES_ERROR;
				CLANG_WARN_UNREACHABLE_CODE = YES;
				CLANG_WARN__DUPLICATE_METHOD_MATCH = YES;
				"CODE_SIGN_IDENTITY[sdk=iphoneos*]" = "iPhone Developer";
				COPY_PHASE_STRIP = NO;
				DEBUG_INFORMATION_FORMAT = "dwarf-with-dsym";
				ENABLE_NS_ASSERTIONS = NO;
				ENABLE_STRICT_OBJC_MSGSEND = YES;
				GCC_C_LANGUAGE_STANDARD = gnu99;
				GCC_NO_COMMON_BLOCKS = YES;
				GCC_WARN_64_TO_32_BIT_CONVERSION = YES;
				GCC_WARN_ABOUT_RETURN_TYPE = YES_ERROR;
				GCC_WARN_UNDECLARED_SELECTOR = YES;
				GCC_WARN_UNINITIALIZED_AUTOS = YES_AGGRESSIVE;
				GCC_WARN_UNUSED_FUNCTION = YES;
				GCC_WARN_UNUSED_VARIABLE = YES;
				IPHONEOS_DEPLOYMENT_TARGET = 9.3;
				MTL_ENABLE_DEBUG_INFO = NO;
				SDKROOT = iphoneos;
				VALIDATE_PRODUCT = YES;
			};
			name = Release;
		};
		80252D281D0B821F00CCBA57 /* Debug */ = {
			isa = XCBuildConfiguration;
			buildSettings = {
				ASSETCATALOG_COMPILER_APPICON_NAME = AppIcon;
				INFOPLIST_FILE = savedData/Info.plist;
				LD_RUNPATH_SEARCH_PATHS = "$(inherited) @executable_path/Frameworks";
				PRODUCT_BUNDLE_IDENTIFIER = com.DanielStagnaro.savedData;
				PRODUCT_NAME = "$(TARGET_NAME)";
			};
			name = Debug;
		};
		80252D291D0B821F00CCBA57 /* Release */ = {
			isa = XCBuildConfiguration;
			buildSettings = {
				ASSETCATALOG_COMPILER_APPICON_NAME = AppIcon;
				INFOPLIST_FILE = savedData/Info.plist;
				LD_RUNPATH_SEARCH_PATHS = "$(inherited) @executable_path/Frameworks";
				PRODUCT_BUNDLE_IDENTIFIER = com.DanielStagnaro.savedData;
				PRODUCT_NAME = "$(TARGET_NAME)";
			};
			name = Release;
		};
/* End XCBuildConfiguration section */

/* Begin XCConfigurationList section */
		80252D101D0B821F00CCBA57 /* Build configuration list for PBXProject "savedData" */ = {
			isa = XCConfigurationList;
			buildConfigurations = (
				80252D251D0B821F00CCBA57 /* Debug */,
				80252D261D0B821F00CCBA57 /* Release */,
			);
			defaultConfigurationIsVisible = 0;
			defaultConfigurationName = Release;
		};
		80252D271D0B821F00CCBA57 /* Build configuration list for PBXNativeTarget "savedData" */ = {
			isa = XCConfigurationList;
			buildConfigurations = (
				80252D281D0B821F00CCBA57 /* Debug */,
				80252D291D0B821F00CCBA57 /* Release */,
			);
			defaultConfigurationIsVisible = 0;
		};
/* End XCConfigurationList section */
	};
	rootObject = 80252D0D1D0B821F00CCBA57 /* Project object */;
}
